
Microsoft Visual Studio Solution File, Format Version 12.00
# Visual Studio Version 16
VisualStudioVersion = 16.0.30804.86
MinimumVisualStudioVersion = 10.0.40219.1
Project("{FAE04EC0-301F-11D3-BF4B-00C04F79EFBC}") = "NiceHouse", "LuxStay\NiceHouse.csproj", "{F76AA341-07E4-4575-BBAC-472BAE947749}"
EndProject
Project("{FAE04EC0-301F-11D3-BF4B-00C04F79EFBC}") = "Models", "Models\Models.csproj", "{4D667C36-11F1-4489-BA54-E096451E59E4}"
EndProject
Global
	GlobalSection(SolutionConfigurationPlatforms) = preSolution
		Debug|Any CPU = Debug|Any CPU
		Release|Any CPU = Release|Any CPU
	EndGlobalSection
	GlobalSection(ProjectConfigurationPlatforms) = postSolution
		{F76AA341-07E4-4575-BBAC-472BAE947749}.Debug|Any CPU.ActiveCfg = Debug|Any CPU
		{F76AA341-07E4-4575-BBAC-472BAE947749}.Debug|Any CPU.Build.0 = Debug|Any CPU
		{F76AA341-07E4-4575-BBAC-472BAE947749}.Release|Any CPU.ActiveCfg = Release|Any CPU
		{F76AA341-07E4-4575-BBAC-472BAE947749}.Release|Any CPU.Build.0 = Release|Any CPU
		{4D667C36-11F1-4489-BA54-E096451E59E4}.Debug|Any CPU.ActiveCfg = Debug|Any CPU
		{4D667C36-11F1-4489-BA54-E096451E59E4}.Debug|Any CPU.Build.0 = Debug|Any CPU
		{4D667C36-11F1-4489-BA54-E096451E59E4}.Release|Any CPU.ActiveCfg = Release|Any CPU
		{4D667C36-11F1-4489-BA54-E096451E59E4}.Release|Any CPU.Build.0 = Release|Any CPU
	EndGlobalSection
	GlobalSection(SolutionProperties) = preSolution
		HideSolutionNode = FALSE
	EndGlobalSection
	GlobalSection(ExtensibilityGlobals) = postSolution
		SolutionGuid = {402136F7-629A-40D5-81B8-9BD998D081D2}
	EndGlobalSection
EndGlobal
